
Microsoft Visual Studio Solution File, Format Version 12.00
# Visual Studio Version 17
VisualStudioVersion = 17.7.34018.315
MinimumVisualStudioVersion = 10.0.40219.1
Project("{FAE04EC0-301F-11D3-BF4B-00C04F79EFBC}") = "Programmeringsövning4.2", "Programmeringsövning4.2\Programmeringsövning4.2.csproj", "{803032BF-78CD-4A38-9621-87D1FDE55C5D}"
EndProject
Global
	GlobalSection(SolutionConfigurationPlatforms) = preSolution
		Debug|Any CPU = Debug|Any CPU
		Release|Any CPU = Release|Any CPU
	EndGlobalSection
	GlobalSection(ProjectConfigurationPlatforms) = postSolution
		{803032BF-78CD-4A38-9621-87D1FDE55C5D}.Debug|Any CPU.ActiveCfg = Debug|Any CPU
		{803032BF-78CD-4A38-9621-87D1FDE55C5D}.Debug|Any CPU.Build.0 = Debug|Any CPU
		{803032BF-78CD-4A38-9621-87D1FDE55C5D}.Release|Any CPU.ActiveCfg = Release|Any CPU
		{803032BF-78CD-4A38-9621-87D1FDE55C5D}.Release|Any CPU.Build.0 = Release|Any CPU
	EndGlobalSection
	GlobalSection(SolutionProperties) = preSolution
		HideSolutionNode = FALSE
	EndGlobalSection
	GlobalSection(ExtensibilityGlobals) = postSolution
		SolutionGuid = {391040F2-3EF4-414A-9B9F-D5EFB54A9D8A}
	EndGlobalSection
EndGlobal
